dependencies:
  button:
    dependencies: []
    source:
      path: D:\users\esp\v5.5\esp-idf\examples\bluetooth\esp_ble_mesh\common_components\button
      type: local
    version: '*'
  espressif/cmake_utilities:
    component_hash: 351350613ceafba240b761b4ea991e0f231ac7a9f59a9ee901f751bddc0bb18f
    dependencies:
    - name: idf
      require: private
      version: '>=4.1'
    source:
      registry_url: https://components.espressif.com
      type: service
    version: 0.5.3
  espressif/lightbulb_driver:
    component_hash: 8ee3d1cc816bddbc21ee05d33b05249c04a6baa1968e4edb84a5c3c93c9afab3
    dependencies:
    - name: idf
      require: private
      version: '>=4.3.2'
    - name: espressif/cmake_utilities
      registry_url: https://components.espressif.com
      require: private
      version: 0.*
    source:
      registry_url: https://components.espressif.com/
      type: service
    version: 0.5.5
  example_init:
    dependencies: []
    source:
      path: D:\users\esp\v5.5\esp-idf\examples\bluetooth\esp_ble_mesh\common_components\example_init
      type: local
    version: '*'
  example_nvs:
    dependencies: []
    source:
      path: D:\users\esp\v5.5\esp-idf\examples\bluetooth\esp_ble_mesh\common_components\example_nvs
      type: local
    version: '*'
  idf:
    source:
      type: idf
    version: 5.5.0
  light_driver:
    dependencies:
    - name: espressif/lightbulb_driver
      version: ==0.5.5
    source:
      path: D:\users\esp\v5.5\esp-idf\examples\bluetooth\esp_ble_mesh\common_components\light_driver
      type: local
    version: '*'
direct_dependencies:
- button
- example_init
- example_nvs
- light_driver
manifest_hash: a0ad9f76787e21f20afa3750f9bcf9a13e49f3faa9cf457095c96377de50865b
target: esp32h2
version: 2.0.0
